
Microsoft Visual Studio Solution File, Format Version 12.00
# Visual Studio Version 17
VisualStudioVersion = 17.0.31903.59
MinimumVisualStudioVersion = 10.0.40219.1
Project("{2150E333-8FDC-42A3-9474-1A3956D46DE8}") = "src", "src", "{827E0CD3-B72D-47B6-A68D-7590B98EB39B}"
EndProject
Project("{FAE04EC0-301F-11D3-BF4B-00C04F79EFBC}") = "Fortiq.Domain", "src\Fortiq.Domain\Fortiq.Domain.csproj", "{A45F8046-9250-4334-A621-745A099E27E4}"
EndProject
Project("{FAE04EC0-301F-11D3-BF4B-00C04F79EFBC}") = "Fortiq.Application", "src\Fortiq.Application\Fortiq.Application.csproj", "{86939F05-F61C-4C59-85D8-30360C2EC67D}"
EndProject
Project("{2150E333-8FDC-42A3-9474-1A3956D46DE8}") = "tests", "tests", "{0AB3BF05-4346-4AA6-1389-037BE0695223}"
EndProject
Project("{FAE04EC0-301F-11D3-BF4B-00C04F79EFBC}") = "Fortiq.Domain.Tests", "tests\Fortiq.Domain.Tests\Fortiq.Domain.Tests.csproj", "{2E83B46E-AC6E-4E0A-8D2A-1B9FBB1EABF3}"
EndProject
Project("{FAE04EC0-301F-11D3-BF4B-00C04F79EFBC}") = "Fortiq.Infrastructure.Restic", "src\Fortiq.Infrastructure.Restic\Fortiq.Infrastructure.Restic.csproj", "{725B915A-7787-43C7-B7EA-5210B0B797B6}"
EndProject
Project("{FAE04EC0-301F-11D3-BF4B-00C04F79EFBC}") = "Fortiq.Restic.ContractTests", "tests\Fortiq.Restic.ContractTests\Fortiq.Restic.ContractTests.csproj", "{19C1A479-48AA-4DFB-91F3-50E8C0F96A29}"
EndProject
Project("{FAE04EC0-301F-11D3-BF4B-00C04F79EFBC}") = "Fortiq.Infrastructure.Keys", "src\Fortiq.Infrastructure.Keys\Fortiq.Infrastructure.Keys.csproj", "{82678BCB-2E69-4F6D-893B-AF9230F83F77}"
EndProject
Project("{FAE04EC0-301F-11D3-BF4B-00C04F79EFBC}") = "Fortiq.Security.Tests", "tests\Fortiq.Security.Tests\Fortiq.Security.Tests.csproj", "{A85A2716-168A-42C2-9C96-3906E8F644DD}"
EndProject
Project("{FAE04EC0-301F-11D3-BF4B-00C04F79EFBC}") = "Fortiq.PasswordHelper", "src\Fortiq.PasswordHelper\Fortiq.PasswordHelper.csproj", "{D49A0238-7B4F-4D08-A21A-FE26CD2A1654}"
EndProject
Project("{FAE04EC0-301F-11D3-BF4B-00C04F79EFBC}") = "Fortiq.Recover", "src\Fortiq.Recover\Fortiq.Recover.csproj", "{EFDFCC1F-54E5-47DD-891F-4A7890473812}"
EndProject
Project("{FAE04EC0-301F-11D3-BF4B-00C04F79EFBC}") = "Fortiq.Recovery.IntegrationTests", "tests\Fortiq.Recovery.IntegrationTests\Fortiq.Recovery.IntegrationTests.csproj", "{146B8341-DCE6-49A8-9DB3-19DCF02B1DB1}"
EndProject
Project("{FAE04EC0-301F-11D3-BF4B-00C04F79EFBC}") = "Fortiq.Infrastructure.Receipts", "src\Fortiq.Infrastructure.Receipts\Fortiq.Infrastructure.Receipts.csproj", "{C183E252-3891-48E0-A619-10637F7B28D9}"
EndProject
Project("{FAE04EC0-301F-11D3-BF4B-00C04F79EFBC}") = "Fortiq.Platform.Windows", "src\Fortiq.Platform.Windows\Fortiq.Platform.Windows.csproj", "{3D944C36-9035-4638-BC39-3A828AA5B46F}"
EndProject
Project("{FAE04EC0-301F-11D3-BF4B-00C04F79EFBC}") = "Fortiq.Provisioning", "src\Fortiq.Provisioning\Fortiq.Provisioning.csproj", "{8F65356F-751D-4B91-A723-A82BD04961B9}"
EndProject
Project("{FAE04EC0-301F-11D3-BF4B-00C04F79EFBC}") = "Fortiq.Infrastructure.Runs", "src\Fortiq.Infrastructure.Runs\Fortiq.Infrastructure.Runs.csproj", "{F1B55876-94F9-424B-B58E-585305FF9D73}"
EndProject
Project("{FAE04EC0-301F-11D3-BF4B-00C04F79EFBC}") = "Fortiq.Scheduling", "src\Fortiq.Scheduling\Fortiq.Scheduling.csproj", "{934AB185-13D2-42FC-9DA7-6E81543DED78}"
EndProject
Project("{FAE04EC0-301F-11D3-BF4B-00C04F79EFBC}") = "Fortiq.Scheduling.Tests", "tests\Fortiq.Scheduling.Tests\Fortiq.Scheduling.Tests.csproj", "{59275E1F-562D-493B-A83D-E20CC2DA18B9}"
EndProject
Project("{FAE04EC0-301F-11D3-BF4B-00C04F79EFBC}") = "Fortiq.Service", "src\Fortiq.Service\Fortiq.Service.csproj", "{7C0F59E2-5D60-4991-8BC3-2E4F0DE9C9F8}"
EndProject
Project("{FAE04EC0-301F-11D3-BF4B-00C04F79EFBC}") = "Fortiq.Infrastructure.ObjectStorage", "src\Fortiq.Infrastructure.ObjectStorage\Fortiq.Infrastructure.ObjectStorage.csproj", "{9398C28A-00BD-4E77-A0E0-4DCB3E5B5E55}"
EndProject
Project("{FAE04EC0-301F-11D3-BF4B-00C04F79EFBC}") = "Fortiq.Monitoring", "src\Fortiq.Monitoring\Fortiq.Monitoring.csproj", "{43D7465C-0C55-4B49-9F25-CF7B8097FA37}"
EndProject
Project("{FAE04EC0-301F-11D3-BF4B-00C04F79EFBC}") = "Fortiq.Monitoring.Tests", "tests\Fortiq.Monitoring.Tests\Fortiq.Monitoring.Tests.csproj", "{13A040F3-CE08-4EA0-8755-4B61FE41B1E6}"
EndProject
Global
	GlobalSection(SolutionConfigurationPlatforms) = preSolution
		Debug|Any CPU = Debug|Any CPU
		Debug|x64 = Debug|x64
		Debug|x86 = Debug|x86
		Release|Any CPU = Release|Any CPU
		Release|x64 = Release|x64
		Release|x86 = Release|x86
	EndGlobalSection
	GlobalSection(ProjectConfigurationPlatforms) = postSolution
		{A45F8046-9250-4334-A621-745A099E27E4}.Debug|Any CPU.ActiveCfg = Debug|Any CPU
		{A45F8046-9250-4334-A621-745A099E27E4}.Debug|Any CPU.Build.0 = Debug|Any CPU
		{A45F8046-9250-4334-A621-745A099E27E4}.Debug|x64.ActiveCfg = Debug|Any CPU
		{A45F8046-9250-4334-A621-745A099E27E4}.Debug|x64.Build.0 = Debug|Any CPU
		{A45F8046-9250-4334-A621-745A099E27E4}.Debug|x86.ActiveCfg = Debug|Any CPU
		{A45F8046-9250-4334-A621-745A099E27E4}.Debug|x86.Build.0 = Debug|Any CPU
		{A45F8046-9250-4334-A621-745A099E27E4}.Release|Any CPU.ActiveCfg = Release|Any CPU
		{A45F8046-9250-4334-A621-745A099E27E4}.Release|Any CPU.Build.0 = Release|Any CPU
		{A45F8046-9250-4334-A621-745A099E27E4}.Release|x64.ActiveCfg = Release|Any CPU
		{A45F8046-9250-4334-A621-745A099E27E4}.Release|x64.Build.0 = Release|Any CPU
		{A45F8046-9250-4334-A621-745A099E27E4}.Release|x86.ActiveCfg = Release|Any CPU
		{A45F8046-9250-4334-A621-745A099E27E4}.Release|x86.Build.0 = Release|Any CPU
		{86939F05-F61C-4C59-85D8-30360C2EC67D}.Debug|Any CPU.ActiveCfg = Debug|Any CPU
		{86939F05-F61C-4C59-85D8-30360C2EC67D}.Debug|Any CPU.Build.0 = Debug|Any CPU
		{86939F05-F61C-4C59-85D8-30360C2EC67D}.Debug|x64.ActiveCfg = Debug|Any CPU
		{86939F05-F61C-4C59-85D8-30360C2EC67D}.Debug|x64.Build.0 = Debug|Any CPU
		{86939F05-F61C-4C59-85D8-30360C2EC67D}.Debug|x86.ActiveCfg = Debug|Any CPU
		{86939F05-F61C-4C59-85D8-30360C2EC67D}.Debug|x86.Build.0 = Debug|Any CPU
		{86939F05-F61C-4C59-85D8-30360C2EC67D}.Release|Any CPU.ActiveCfg = Release|Any CPU
		{86939F05-F61C-4C59-85D8-30360C2EC67D}.Release|Any CPU.Build.0 = Release|Any CPU
		{86939F05-F61C-4C59-85D8-30360C2EC67D}.Release|x64.ActiveCfg = Release|Any CPU
		{86939F05-F61C-4C59-85D8-30360C2EC67D}.Release|x64.Build.0 = Release|Any CPU
		{86939F05-F61C-4C59-85D8-30360C2EC67D}.Release|x86.ActiveCfg = Release|Any CPU
		{86939F05-F61C-4C59-85D8-30360C2EC67D}.Release|x86.Build.0 = Release|Any CPU
		{2E83B46E-AC6E-4E0A-8D2A-1B9FBB1EABF3}.Debug|Any CPU.ActiveCfg = Debug|Any CPU
		{2E83B46E-AC6E-4E0A-8D2A-1B9FBB1EABF3}.Debug|Any CPU.Build.0 = Debug|Any CPU
		{2E83B46E-AC6E-4E0A-8D2A-1B9FBB1EABF3}.Debug|x64.ActiveCfg = Debug|Any CPU
		{2E83B46E-AC6E-4E0A-8D2A-1B9FBB1EABF3}.Debug|x64.Build.0 = Debug|Any CPU
		{2E83B46E-AC6E-4E0A-8D2A-1B9FBB1EABF3}.Debug|x86.ActiveCfg = Debug|Any CPU
		{2E83B46E-AC6E-4E0A-8D2A-1B9FBB1EABF3}.Debug|x86.Build.0 = Debug|Any CPU
		{2E83B46E-AC6E-4E0A-8D2A-1B9FBB1EABF3}.Release|Any CPU.ActiveCfg = Release|Any CPU
		{2E83B46E-AC6E-4E0A-8D2A-1B9FBB1EABF3}.Release|Any CPU.Build.0 = Release|Any CPU
		{2E83B46E-AC6E-4E0A-8D2A-1B9FBB1EABF3}.Release|x64.ActiveCfg = Release|Any CPU
		{2E83B46E-AC6E-4E0A-8D2A-1B9FBB1EABF3}.Release|x64.Build.0 = Release|Any CPU
		{2E83B46E-AC6E-4E0A-8D2A-1B9FBB1EABF3}.Release|x86.ActiveCfg = Release|Any CPU
		{2E83B46E-AC6E-4E0A-8D2A-1B9FBB1EABF3}.Release|x86.Build.0 = Release|Any CPU
		{725B915A-7787-43C7-B7EA-5210B0B797B6}.Debug|Any CPU.ActiveCfg = Debug|Any CPU
		{725B915A-7787-43C7-B7EA-5210B0B797B6}.Debug|Any CPU.Build.0 = Debug|Any CPU
		{725B915A-7787-43C7-B7EA-5210B0B797B6}.Debug|x64.ActiveCfg = Debug|Any CPU
		{725B915A-7787-43C7-B7EA-5210B0B797B6}.Debug|x64.Build.0 = Debug|Any CPU
		{725B915A-7787-43C7-B7EA-5210B0B797B6}.Debug|x86.ActiveCfg = Debug|Any CPU
		{725B915A-7787-43C7-B7EA-5210B0B797B6}.Debug|x86.Build.0 = Debug|Any CPU
		{725B915A-7787-43C7-B7EA-5210B0B797B6}.Release|Any CPU.ActiveCfg = Release|Any CPU
		{725B915A-7787-43C7-B7EA-5210B0B797B6}.Release|Any CPU.Build.0 = Release|Any CPU
		{725B915A-7787-43C7-B7EA-5210B0B797B6}.Release|x64.ActiveCfg = Release|Any CPU
		{725B915A-7787-43C7-B7EA-5210B0B797B6}.Release|x64.Build.0 = Release|Any CPU
		{725B915A-7787-43C7-B7EA-5210B0B797B6}.Release|x86.ActiveCfg = Release|Any CPU
		{725B915A-7787-43C7-B7EA-5210B0B797B6}.Release|x86.Build.0 = Release|Any CPU
		{19C1A479-48AA-4DFB-91F3-50E8C0F96A29}.Debug|Any CPU.ActiveCfg = Debug|Any CPU
		{19C1A479-48AA-4DFB-91F3-50E8C0F96A29}.Debug|Any CPU.Build.0 = Debug|Any CPU
		{19C1A479-48AA-4DFB-91F3-50E8C0F96A29}.Debug|x64.ActiveCfg = Debug|Any CPU
		{19C1A479-48AA-4DFB-91F3-50E8C0F96A29}.Debug|x64.Build.0 = Debug|Any CPU
		{19C1A479-48AA-4DFB-91F3-50E8C0F96A29}.Debug|x86.ActiveCfg = Debug|Any CPU
		{19C1A479-48AA-4DFB-91F3-50E8C0F96A29}.Debug|x86.Build.0 = Debug|Any CPU
		{19C1A479-48AA-4DFB-91F3-50E8C0F96A29}.Release|Any CPU.ActiveCfg = Release|Any CPU
		{19C1A479-48AA-4DFB-91F3-50E8C0F96A29}.Release|Any CPU.Build.0 = Release|Any CPU
		{19C1A479-48AA-4DFB-91F3-50E8C0F96A29}.Release|x64.ActiveCfg = Release|Any CPU
		{19C1A479-48AA-4DFB-91F3-50E8C0F96A29}.Release|x64.Build.0 = Release|Any CPU
		{19C1A479-48AA-4DFB-91F3-50E8C0F96A29}.Release|x86.ActiveCfg = Release|Any CPU
		{19C1A479-48AA-4DFB-91F3-50E8C0F96A29}.Release|x86.Build.0 = Release|Any CPU
		{82678BCB-2E69-4F6D-893B-AF9230F83F77}.Debug|Any CPU.ActiveCfg = Debug|Any CPU
		{82678BCB-2E69-4F6D-893B-AF9230F83F77}.Debug|Any CPU.Build.0 = Debug|Any CPU
		{82678BCB-2E69-4F6D-893B-AF9230F83F77}.Debug|x64.ActiveCfg = Debug|Any CPU
		{82678BCB-2E69-4F6D-893B-AF9230F83F77}.Debug|x64.Build.0 = Debug|Any CPU
		{82678BCB-2E69-4F6D-893B-AF9230F83F77}.Debug|x86.ActiveCfg = Debug|Any CPU
		{82678BCB-2E69-4F6D-893B-AF9230F83F77}.Debug|x86.Build.0 = Debug|Any CPU
		{82678BCB-2E69-4F6D-893B-AF9230F83F77}.Release|Any CPU.ActiveCfg = Release|Any CPU
		{82678BCB-2E69-4F6D-893B-AF9230F83F77}.Release|Any CPU.Build.0 = Release|Any CPU
		{82678BCB-2E69-4F6D-893B-AF9230F83F77}.Release|x64.ActiveCfg = Release|Any CPU
		{82678BCB-2E69-4F6D-893B-AF9230F83F77}.Release|x64.Build.0 = Release|Any CPU
		{82678BCB-2E69-4F6D-893B-AF9230F83F77}.Release|x86.ActiveCfg = Release|Any CPU
		{82678BCB-2E69-4F6D-893B-AF9230F83F77}.Release|x86.Build.0 = Release|Any CPU
		{A85A2716-168A-42C2-9C96-3906E8F644DD}.Debug|Any CPU.ActiveCfg = Debug|Any CPU
		{A85A2716-168A-42C2-9C96-3906E8F644DD}.Debug|Any CPU.Build.0 = Debug|Any CPU
		{A85A2716-168A-42C2-9C96-3906E8F644DD}.Debug|x64.ActiveCfg = Debug|Any CPU
		{A85A2716-168A-42C2-9C96-3906E8F644DD}.Debug|x64.Build.0 = Debug|Any CPU
		{A85A2716-168A-42C2-9C96-3906E8F644DD}.Debug|x86.ActiveCfg = Debug|Any CPU
		{A85A2716-168A-42C2-9C96-3906E8F644DD}.Debug|x86.Build.0 = Debug|Any CPU
		{A85A2716-168A-42C2-9C96-3906E8F644DD}.Release|Any CPU.ActiveCfg = Release|Any CPU
		{A85A2716-168A-42C2-9C96-3906E8F644DD}.Release|Any CPU.Build.0 = Release|Any CPU
		{A85A2716-168A-42C2-9C96-3906E8F644DD}.Release|x64.ActiveCfg = Release|Any CPU
		{A85A2716-168A-42C2-9C96-3906E8F644DD}.Release|x64.Build.0 = Release|Any CPU
		{A85A2716-168A-42C2-9C96-3906E8F644DD}.Release|x86.ActiveCfg = Release|Any CPU
		{A85A2716-168A-42C2-9C96-3906E8F644DD}.Release|x86.Build.0 = Release|Any CPU
		{D49A0238-7B4F-4D08-A21A-FE26CD2A1654}.Debug|Any CPU.ActiveCfg = Debug|Any CPU
		{D49A0238-7B4F-4D08-A21A-FE26CD2A1654}.Debug|Any CPU.Build.0 = Debug|Any CPU
		{D49A0238-7B4F-4D08-A21A-FE26CD2A1654}.Debug|x64.ActiveCfg = Debug|Any CPU
		{D49A0238-7B4F-4D08-A21A-FE26CD2A1654}.Debug|x64.Build.0 = Debug|Any CPU
		{D49A0238-7B4F-4D08-A21A-FE26CD2A1654}.Debug|x86.ActiveCfg = Debug|Any CPU
		{D49A0238-7B4F-4D08-A21A-FE26CD2A1654}.Debug|x86.Build.0 = Debug|Any CPU
		{D49A0238-7B4F-4D08-A21A-FE26CD2A1654}.Release|Any CPU.ActiveCfg = Release|Any CPU
		{D49A0238-7B4F-4D08-A21A-FE26CD2A1654}.Release|Any CPU.Build.0 = Release|Any CPU
		{D49A0238-7B4F-4D08-A21A-FE26CD2A1654}.Release|x64.ActiveCfg = Release|Any CPU
		{D49A0238-7B4F-4D08-A21A-FE26CD2A1654}.Release|x64.Build.0 = Release|Any CPU
		{D49A0238-7B4F-4D08-A21A-FE26CD2A1654}.Release|x86.ActiveCfg = Release|Any CPU
		{D49A0238-7B4F-4D08-A21A-FE26CD2A1654}.Release|x86.Build.0 = Release|Any CPU
		{EFDFCC1F-54E5-47DD-891F-4A7890473812}.Debug|Any CPU.ActiveCfg = Debug|Any CPU
		{EFDFCC1F-54E5-47DD-891F-4A7890473812}.Debug|Any CPU.Build.0 = Debug|Any CPU
		{EFDFCC1F-54E5-47DD-891F-4A7890473812}.Debug|x64.ActiveCfg = Debug|Any CPU
		{EFDFCC1F-54E5-47DD-891F-4A7890473812}.Debug|x64.Build.0 = Debug|Any CPU
		{EFDFCC1F-54E5-47DD-891F-4A7890473812}.Debug|x86.ActiveCfg = Debug|Any CPU
		{EFDFCC1F-54E5-47DD-891F-4A7890473812}.Debug|x86.Build.0 = Debug|Any CPU
		{EFDFCC1F-54E5-47DD-891F-4A7890473812}.Release|Any CPU.ActiveCfg = Release|Any CPU
		{EFDFCC1F-54E5-47DD-891F-4A7890473812}.Release|Any CPU.Build.0 = Release|Any CPU
		{EFDFCC1F-54E5-47DD-891F-4A7890473812}.Release|x64.ActiveCfg = Release|Any CPU
		{EFDFCC1F-54E5-47DD-891F-4A7890473812}.Release|x64.Build.0 = Release|Any CPU
		{EFDFCC1F-54E5-47DD-891F-4A7890473812}.Release|x86.ActiveCfg = Release|Any CPU
		{EFDFCC1F-54E5-47DD-891F-4A7890473812}.Release|x86.Build.0 = Release|Any CPU
		{146B8341-DCE6-49A8-9DB3-19DCF02B1DB1}.Debug|Any CPU.ActiveCfg = Debug|Any CPU
		{146B8341-DCE6-49A8-9DB3-19DCF02B1DB1}.Debug|Any CPU.Build.0 = Debug|Any CPU
		{146B8341-DCE6-49A8-9DB3-19DCF02B1DB1}.Debug|x64.ActiveCfg = Debug|Any CPU
		{146B8341-DCE6-49A8-9DB3-19DCF02B1DB1}.Debug|x64.Build.0 = Debug|Any CPU
		{146B8341-DCE6-49A8-9DB3-19DCF02B1DB1}.Debug|x86.ActiveCfg = Debug|Any CPU
		{146B8341-DCE6-49A8-9DB3-19DCF02B1DB1}.Debug|x86.Build.0 = Debug|Any CPU
		{146B8341-DCE6-49A8-9DB3-19DCF02B1DB1}.Release|Any CPU.ActiveCfg = Release|Any CPU
		{146B8341-DCE6-49A8-9DB3-19DCF02B1DB1}.Release|Any CPU.Build.0 = Release|Any CPU
		{146B8341-DCE6-49A8-9DB3-19DCF02B1DB1}.Release|x64.ActiveCfg = Release|Any CPU
		{146B8341-DCE6-49A8-9DB3-19DCF02B1DB1}.Release|x64.Build.0 = Release|Any CPU
		{146B8341-DCE6-49A8-9DB3-19DCF02B1DB1}.Release|x86.ActiveCfg = Release|Any CPU
		{146B8341-DCE6-49A8-9DB3-19DCF02B1DB1}.Release|x86.Build.0 = Release|Any CPU
		{C183E252-3891-48E0-A619-10637F7B28D9}.Debug|Any CPU.ActiveCfg = Debug|Any CPU
		{C183E252-3891-48E0-A619-10637F7B28D9}.Debug|Any CPU.Build.0 = Debug|Any CPU
		{C183E252-3891-48E0-A619-10637F7B28D9}.Debug|x64.ActiveCfg = Debug|Any CPU
		{C183E252-3891-48E0-A619-10637F7B28D9}.Debug|x64.Build.0 = Debug|Any CPU
		{C183E252-3891-48E0-A619-10637F7B28D9}.Debug|x86.ActiveCfg = Debug|Any CPU
		{C183E252-3891-48E0-A619-10637F7B28D9}.Debug|x86.Build.0 = Debug|Any CPU
		{C183E252-3891-48E0-A619-10637F7B28D9}.Release|Any CPU.ActiveCfg = Release|Any CPU
		{C183E252-3891-48E0-A619-10637F7B28D9}.Release|Any CPU.Build.0 = Release|Any CPU
		{C183E252-3891-48E0-A619-10637F7B28D9}.Release|x64.ActiveCfg = Release|Any CPU
		{C183E252-3891-48E0-A619-10637F7B28D9}.Release|x64.Build.0 = Release|Any CPU
		{C183E252-3891-48E0-A619-10637F7B28D9}.Release|x86.ActiveCfg = Release|Any CPU
		{C183E252-3891-48E0-A619-10637F7B28D9}.Release|x86.Build.0 = Release|Any CPU
		{3D944C36-9035-4638-BC39-3A828AA5B46F}.Debug|Any CPU.ActiveCfg = Debug|Any CPU
		{3D944C36-9035-4638-BC39-3A828AA5B46F}.Debug|Any CPU.Build.0 = Debug|Any CPU
		{3D944C36-9035-4638-BC39-3A828AA5B46F}.Debug|x64.ActiveCfg = Debug|Any CPU
		{3D944C36-9035-4638-BC39-3A828AA5B46F}.Debug|x64.Build.0 = Debug|Any CPU
		{3D944C36-9035-4638-BC39-3A828AA5B46F}.Debug|x86.ActiveCfg = Debug|Any CPU
		{3D944C36-9035-4638-BC39-3A828AA5B46F}.Debug|x86.Build.0 = Debug|Any CPU
		{3D944C36-9035-4638-BC39-3A828AA5B46F}.Release|Any CPU.ActiveCfg = Release|Any CPU
		{3D944C36-9035-4638-BC39-3A828AA5B46F}.Release|Any CPU.Build.0 = Release|Any CPU
		{3D944C36-9035-4638-BC39-3A828AA5B46F}.Release|x64.ActiveCfg = Release|Any CPU
		{3D944C36-9035-4638-BC39-3A828AA5B46F}.Release|x64.Build.0 = Release|Any CPU
		{3D944C36-9035-4638-BC39-3A828AA5B46F}.Release|x86.ActiveCfg = Release|Any CPU
		{3D944C36-9035-4638-BC39-3A828AA5B46F}.Release|x86.Build.0 = Release|Any CPU
		{8F65356F-751D-4B91-A723-A82BD04961B9}.Debug|Any CPU.ActiveCfg = Debug|Any CPU
		{8F65356F-751D-4B91-A723-A82BD04961B9}.Debug|Any CPU.Build.0 = Debug|Any CPU
		{8F65356F-751D-4B91-A723-A82BD04961B9}.Debug|x64.ActiveCfg = Debug|Any CPU
		{8F65356F-751D-4B91-A723-A82BD04961B9}.Debug|x64.Build.0 = Debug|Any CPU
		{8F65356F-751D-4B91-A723-A82BD04961B9}.Debug|x86.ActiveCfg = Debug|Any CPU
		{8F65356F-751D-4B91-A723-A82BD04961B9}.Debug|x86.Build.0 = Debug|Any CPU
		{8F65356F-751D-4B91-A723-A82BD04961B9}.Release|Any CPU.ActiveCfg = Release|Any CPU
		{8F65356F-751D-4B91-A723-A82BD04961B9}.Release|Any CPU.Build.0 = Release|Any CPU
		{8F65356F-751D-4B91-A723-A82BD04961B9}.Release|x64.ActiveCfg = Release|Any CPU
		{8F65356F-751D-4B91-A723-A82BD04961B9}.Release|x64.Build.0 = Release|Any CPU
		{8F65356F-751D-4B91-A723-A82BD04961B9}.Release|x86.ActiveCfg = Release|Any CPU
		{8F65356F-751D-4B91-A723-A82BD04961B9}.Release|x86.Build.0 = Release|Any CPU
		{F1B55876-94F9-424B-B58E-585305FF9D73}.Debug|Any CPU.ActiveCfg = Debug|Any CPU
		{F1B55876-94F9-424B-B58E-585305FF9D73}.Debug|Any CPU.Build.0 = Debug|Any CPU
		{F1B55876-94F9-424B-B58E-585305FF9D73}.Debug|x64.ActiveCfg = Debug|Any CPU
		{F1B55876-94F9-424B-B58E-585305FF9D73}.Debug|x64.Build.0 = Debug|Any CPU
		{F1B55876-94F9-424B-B58E-585305FF9D73}.Debug|x86.ActiveCfg = Debug|Any CPU
		{F1B55876-94F9-424B-B58E-585305FF9D73}.Debug|x86.Build.0 = Debug|Any CPU
		{F1B55876-94F9-424B-B58E-585305FF9D73}.Release|Any CPU.ActiveCfg = Release|Any CPU
		{F1B55876-94F9-424B-B58E-585305FF9D73}.Release|Any CPU.Build.0 = Release|Any CPU
		{F1B55876-94F9-424B-B58E-585305FF9D73}.Release|x64.ActiveCfg = Release|Any CPU
		{F1B55876-94F9-424B-B58E-585305FF9D73}.Release|x64.Build.0 = Release|Any CPU
		{F1B55876-94F9-424B-B58E-585305FF9D73}.Release|x86.ActiveCfg = Release|Any CPU
		{F1B55876-94F9-424B-B58E-585305FF9D73}.Release|x86.Build.0 = Release|Any CPU
		{934AB185-13D2-42FC-9DA7-6E81543DED78}.Debug|Any CPU.ActiveCfg = Debug|Any CPU
		{934AB185-13D2-42FC-9DA7-6E81543DED78}.Debug|Any CPU.Build.0 = Debug|Any CPU
		{934AB185-13D2-42FC-9DA7-6E81543DED78}.Debug|x64.ActiveCfg = Debug|Any CPU
		{934AB185-13D2-42FC-9DA7-6E81543DED78}.Debug|x64.Build.0 = Debug|Any CPU
		{934AB185-13D2-42FC-9DA7-6E81543DED78}.Debug|x86.ActiveCfg = Debug|Any CPU
		{934AB185-13D2-42FC-9DA7-6E81543DED78}.Debug|x86.Build.0 = Debug|Any CPU
		{934AB185-13D2-42FC-9DA7-6E81543DED78}.Release|Any CPU.ActiveCfg = Release|Any CPU
		{934AB185-13D2-42FC-9DA7-6E81543DED78}.Release|Any CPU.Build.0 = Release|Any CPU
		{934AB185-13D2-42FC-9DA7-6E81543DED78}.Release|x64.ActiveCfg = Release|Any CPU
		{934AB185-13D2-42FC-9DA7-6E81543DED78}.Release|x64.Build.0 = Release|Any CPU
		{934AB185-13D2-42FC-9DA7-6E81543DED78}.Release|x86.ActiveCfg = Release|Any CPU
		{934AB185-13D2-42FC-9DA7-6E81543DED78}.Release|x86.Build.0 = Release|Any CPU
		{59275E1F-562D-493B-A83D-E20CC2DA18B9}.Debug|Any CPU.ActiveCfg = Debug|Any CPU
		{59275E1F-562D-493B-A83D-E20CC2DA18B9}.Debug|Any CPU.Build.0 = Debug|Any CPU
		{59275E1F-562D-493B-A83D-E20CC2DA18B9}.Debug|x64.ActiveCfg = Debug|Any CPU
		{59275E1F-562D-493B-A83D-E20CC2DA18B9}.Debug|x64.Build.0 = Debug|Any CPU
		{59275E1F-562D-493B-A83D-E20CC2DA18B9}.Debug|x86.ActiveCfg = Debug|Any CPU
		{59275E1F-562D-493B-A83D-E20CC2DA18B9}.Debug|x86.Build.0 = Debug|Any CPU
		{59275E1F-562D-493B-A83D-E20CC2DA18B9}.Release|Any CPU.ActiveCfg = Release|Any CPU
		{59275E1F-562D-493B-A83D-E20CC2DA18B9}.Release|Any CPU.Build.0 = Release|Any CPU
		{59275E1F-562D-493B-A83D-E20CC2DA18B9}.Release|x64.ActiveCfg = Release|Any CPU
		{59275E1F-562D-493B-A83D-E20CC2DA18B9}.Release|x64.Build.0 = Release|Any CPU
		{59275E1F-562D-493B-A83D-E20CC2DA18B9}.Release|x86.ActiveCfg = Release|Any CPU
		{59275E1F-562D-493B-A83D-E20CC2DA18B9}.Release|x86.Build.0 = Release|Any CPU
		{7C0F59E2-5D60-4991-8BC3-2E4F0DE9C9F8}.Debug|Any CPU.ActiveCfg = Debug|Any CPU
		{7C0F59E2-5D60-4991-8BC3-2E4F0DE9C9F8}.Debug|Any CPU.Build.0 = Debug|Any CPU
		{7C0F59E2-5D60-4991-8BC3-2E4F0DE9C9F8}.Debug|x64.ActiveCfg = Debug|Any CPU
		{7C0F59E2-5D60-4991-8BC3-2E4F0DE9C9F8}.Debug|x64.Build.0 = Debug|Any CPU
		{7C0F59E2-5D60-4991-8BC3-2E4F0DE9C9F8}.Debug|x86.ActiveCfg = Debug|Any CPU
		{7C0F59E2-5D60-4991-8BC3-2E4F0DE9C9F8}.Debug|x86.Build.0 = Debug|Any CPU
		{7C0F59E2-5D60-4991-8BC3-2E4F0DE9C9F8}.Release|Any CPU.ActiveCfg = Release|Any CPU
		{7C0F59E2-5D60-4991-8BC3-2E4F0DE9C9F8}.Release|Any CPU.Build.0 = Release|Any CPU
		{7C0F59E2-5D60-4991-8BC3-2E4F0DE9C9F8}.Release|x64.ActiveCfg = Release|Any CPU
		{7C0F59E2-5D60-4991-8BC3-2E4F0DE9C9F8}.Release|x64.Build.0 = Release|Any CPU
		{7C0F59E2-5D60-4991-8BC3-2E4F0DE9C9F8}.Release|x86.ActiveCfg = Release|Any CPU
		{7C0F59E2-5D60-4991-8BC3-2E4F0DE9C9F8}.Release|x86.Build.0 = Release|Any CPU
		{9398C28A-00BD-4E77-A0E0-4DCB3E5B5E55}.Debug|Any CPU.ActiveCfg = Debug|Any CPU
		{9398C28A-00BD-4E77-A0E0-4DCB3E5B5E55}.Debug|Any CPU.Build.0 = Debug|Any CPU
		{9398C28A-00BD-4E77-A0E0-4DCB3E5B5E55}.Debug|x64.ActiveCfg = Debug|Any CPU
		{9398C28A-00BD-4E77-A0E0-4DCB3E5B5E55}.Debug|x64.Build.0 = Debug|Any CPU
		{9398C28A-00BD-4E77-A0E0-4DCB3E5B5E55}.Debug|x86.ActiveCfg = Debug|Any CPU
		{9398C28A-00BD-4E77-A0E0-4DCB3E5B5E55}.Debug|x86.Build.0 = Debug|Any CPU
		{9398C28A-00BD-4E77-A0E0-4DCB3E5B5E55}.Release|Any CPU.ActiveCfg = Release|Any CPU
		{9398C28A-00BD-4E77-A0E0-4DCB3E5B5E55}.Release|Any CPU.Build.0 = Release|Any CPU
		{9398C28A-00BD-4E77-A0E0-4DCB3E5B5E55}.Release|x64.ActiveCfg = Release|Any CPU
		{9398C28A-00BD-4E77-A0E0-4DCB3E5B5E55}.Release|x64.Build.0 = Release|Any CPU
		{9398C28A-00BD-4E77-A0E0-4DCB3E5B5E55}.Release|x86.ActiveCfg = Release|Any CPU
		{9398C28A-00BD-4E77-A0E0-4DCB3E5B5E55}.Release|x86.Build.0 = Release|Any CPU
		{43D7465C-0C55-4B49-9F25-CF7B8097FA37}.Debug|Any CPU.ActiveCfg = Debug|Any CPU
		{43D7465C-0C55-4B49-9F25-CF7B8097FA37}.Debug|Any CPU.Build.0 = Debug|Any CPU
		{43D7465C-0C55-4B49-9F25-CF7B8097FA37}.Debug|x64.ActiveCfg = Debug|Any CPU
		{43D7465C-0C55-4B49-9F25-CF7B8097FA37}.Debug|x64.Build.0 = Debug|Any CPU
		{43D7465C-0C55-4B49-9F25-CF7B8097FA37}.Debug|x86.ActiveCfg = Debug|Any CPU
		{43D7465C-0C55-4B49-9F25-CF7B8097FA37}.Debug|x86.Build.0 = Debug|Any CPU
		{43D7465C-0C55-4B49-9F25-CF7B8097FA37}.Release|Any CPU.ActiveCfg = Release|Any CPU
		{43D7465C-0C55-4B49-9F25-CF7B8097FA37}.Release|Any CPU.Build.0 = Release|Any CPU
		{43D7465C-0C55-4B49-9F25-CF7B8097FA37}.Release|x64.ActiveCfg = Release|Any CPU
		{43D7465C-0C55-4B49-9F25-CF7B8097FA37}.Release|x64.Build.0 = Release|Any CPU
		{43D7465C-0C55-4B49-9F25-CF7B8097FA37}.Release|x86.ActiveCfg = Release|Any CPU
		{43D7465C-0C55-4B49-9F25-CF7B8097FA37}.Release|x86.Build.0 = Release|Any CPU
		{13A040F3-CE08-4EA0-8755-4B61FE41B1E6}.Debug|Any CPU.ActiveCfg = Debug|Any CPU
		{13A040F3-CE08-4EA0-8755-4B61FE41B1E6}.Debug|Any CPU.Build.0 = Debug|Any CPU
		{13A040F3-CE08-4EA0-8755-4B61FE41B1E6}.Debug|x64.ActiveCfg = Debug|Any CPU
		{13A040F3-CE08-4EA0-8755-4B61FE41B1E6}.Debug|x64.Build.0 = Debug|Any CPU
		{13A040F3-CE08-4EA0-8755-4B61FE41B1E6}.Debug|x86.ActiveCfg = Debug|Any CPU
		{13A040F3-CE08-4EA0-8755-4B61FE41B1E6}.Debug|x86.Build.0 = Debug|Any CPU
		{13A040F3-CE08-4EA0-8755-4B61FE41B1E6}.Release|Any CPU.ActiveCfg = Release|Any CPU
		{13A040F3-CE08-4EA0-8755-4B61FE41B1E6}.Release|Any CPU.Build.0 = Release|Any CPU
		{13A040F3-CE08-4EA0-8755-4B61FE41B1E6}.Release|x64.ActiveCfg = Release|Any CPU
		{13A040F3-CE08-4EA0-8755-4B61FE41B1E6}.Release|x64.Build.0 = Release|Any CPU
		{13A040F3-CE08-4EA0-8755-4B61FE41B1E6}.Release|x86.ActiveCfg = Release|Any CPU
		{13A040F3-CE08-4EA0-8755-4B61FE41B1E6}.Release|x86.Build.0 = Release|Any CPU
	EndGlobalSection
	GlobalSection(SolutionProperties) = preSolution
		HideSolutionNode = FALSE
	EndGlobalSection
	GlobalSection(NestedProjects) = preSolution
		{A45F8046-9250-4334-A621-745A099E27E4} = {827E0CD3-B72D-47B6-A68D-7590B98EB39B}
		{86939F05-F61C-4C59-85D8-30360C2EC67D} = {827E0CD3-B72D-47B6-A68D-7590B98EB39B}
		{2E83B46E-AC6E-4E0A-8D2A-1B9FBB1EABF3} = {0AB3BF05-4346-4AA6-1389-037BE0695223}
		{725B915A-7787-43C7-B7EA-5210B0B797B6} = {827E0CD3-B72D-47B6-A68D-7590B98EB39B}
		{19C1A479-48AA-4DFB-91F3-50E8C0F96A29} = {0AB3BF05-4346-4AA6-1389-037BE0695223}
		{82678BCB-2E69-4F6D-893B-AF9230F83F77} = {827E0CD3-B72D-47B6-A68D-7590B98EB39B}
		{A85A2716-168A-42C2-9C96-3906E8F644DD} = {0AB3BF05-4346-4AA6-1389-037BE0695223}
		{D49A0238-7B4F-4D08-A21A-FE26CD2A1654} = {827E0CD3-B72D-47B6-A68D-7590B98EB39B}
		{EFDFCC1F-54E5-47DD-891F-4A7890473812} = {827E0CD3-B72D-47B6-A68D-7590B98EB39B}
		{146B8341-DCE6-49A8-9DB3-19DCF02B1DB1} = {0AB3BF05-4346-4AA6-1389-037BE0695223}
		{C183E252-3891-48E0-A619-10637F7B28D9} = {827E0CD3-B72D-47B6-A68D-7590B98EB39B}
		{3D944C36-9035-4638-BC39-3A828AA5B46F} = {827E0CD3-B72D-47B6-A68D-7590B98EB39B}
		{8F65356F-751D-4B91-A723-A82BD04961B9} = {827E0CD3-B72D-47B6-A68D-7590B98EB39B}
		{F1B55876-94F9-424B-B58E-585305FF9D73} = {827E0CD3-B72D-47B6-A68D-7590B98EB39B}
		{934AB185-13D2-42FC-9DA7-6E81543DED78} = {827E0CD3-B72D-47B6-A68D-7590B98EB39B}
		{59275E1F-562D-493B-A83D-E20CC2DA18B9} = {0AB3BF05-4346-4AA6-1389-037BE0695223}
		{7C0F59E2-5D60-4991-8BC3-2E4F0DE9C9F8} = {827E0CD3-B72D-47B6-A68D-7590B98EB39B}
		{9398C28A-00BD-4E77-A0E0-4DCB3E5B5E55} = {827E0CD3-B72D-47B6-A68D-7590B98EB39B}
		{43D7465C-0C55-4B49-9F25-CF7B8097FA37} = {827E0CD3-B72D-47B6-A68D-7590B98EB39B}
		{13A040F3-CE08-4EA0-8755-4B61FE41B1E6} = {0AB3BF05-4346-4AA6-1389-037BE0695223}
	EndGlobalSection
EndGlobal
